<?xml version="1.0" encoding="UTF-8" standalone="yes" ?>
<CodeBlocks_project_file>
	<FileVersion major="1" minor="6" />
	<Project>
		<Option title="firesimulation" />
		<Option pch_mode="2" />
		<Option compiler="gcc" />
		<Build>
			<Target title="Debug">
				<Option output="bin\Debug\firesimulation" prefix_auto="1" extension_auto="1" />
				<Option object_output="obj\Debug\" />
				<Option type="1" />
				<Option compiler="gcc" />
				<Compiler>
					<Add option="-g" />
				</Compiler>
			</Target>
			<Target title="Release">
				<Option output="bin\Release\firesimulation" prefix_auto="1" extension_auto="1" />
				<Option object_output="obj\Release\" />
				<Option type="1" />
				<Option compiler="gcc" />
				<Compiler>
					<Add option="-O2" />
				</Compiler>
				<Linker>
					<Add option="-s" />
				</Linker>
			</Target>
		</Build>
		<Compiler>
			<Add option="-Wall" />
			<Add option="-fexceptions" />
		</Compiler>
		<Unit filename="Agent.h" />
		<Unit filename="Capteur.h" />
		<Unit filename="Case.cpp" />
		<Unit filename="Case.h" />
		<Unit filename="Donnee.h" />
		<Unit filename="Drone.h" />
		<Unit filename="Foret.cpp" />
		<Unit filename="Foret.h" />
		<Unit filename="Matrix.h" />
		<Unit filename="Mobile.h" />
		<Unit filename="PDA.cpp" />
		<Unit filename="PDA.h" />
		<Unit filename="PDAPompier.cpp" />
		<Unit filename="PDAPompier.h" />
		<Unit filename="PDAVictime.cpp" />
		<Unit filename="PDAVictime.h" />
		<Unit filename="Robot.cpp" />
		<Unit filename="Robot.h" />
		<Unit filename="RobotMobile.cpp" />
		<Unit filename="RobotMobile.h" />
		<Unit filename="RobotTerrestre.h" />
		<Unit filename="main.cpp" />
		<Extensions>
			<code_completion />
			<debugger />
		</Extensions>
	</Project>
</CodeBlocks_project_file>
